// !$*UTF8*$!
{
	archiveVersion = 1;
	classes = {
	};
	objectVersion = 50;
	objects = {

/* Begin PBXBuildFile section */
		309D6D0B228080D6008544F3 /* AppDelegate.swift in Sources */ = {isa = PBXBuildFile; fileRef = 309D6D0A228080D6008544F3 /* AppDelegate.swift */; };
		309D6D0D228080D6008544F3 /* ViewController.swift in Sources */ = {isa = PBXBuildFile; fileRef = 309D6D0C228080D6008544F3 /* ViewController.swift */; };
		309D6D10228080D6008544F3 /* Main.storyboard in Resources */ = {isa = PBXBuildFile; fileRef = 309D6D0E228080D6008544F3 /* Main.storyboard */; };
		309D6D12228080D7008544F3 /* Assets.xcassets in Resources */ = {isa = PBXBuildFile; fileRef = 309D6D11228080D7008544F3 /* Assets.xcassets */; };
		309D6D15228080D7008544F3 /* LaunchScreen.storyboard in Resources */ = {isa = PBXBuildFile; fileRef = 309D6D13228080D7008544F3 /* LaunchScreen.storyboard */; };
		309D6D20228080D7008544F3 /* Vai_Chover_iOSTests.swift in Sources */ = {isa = PBXBuildFile; fileRef = 309D6D1F228080D7008544F3 /* Vai_Chover_iOSTests.swift */; };
		309D6D2B228080D8008544F3 /* Vai_Chover_iOSUITests.swift in Sources */ = {isa = PBXBuildFile; fileRef = 309D6D2A228080D8008544F3 /* Vai_Chover_iOSUITests.swift */; };
/* End PBXBuildFile section */

/* Begin PBXContainerItemProxy section */
		309D6D1C228080D7008544F3 /* PBXContainerItemProxy */ = {
			isa = PBXContainerItemProxy;
			containerPortal = 309D6CFF228080D6008544F3 /* Project object */;
			proxyType = 1;
			remoteGlobalIDString = 309D6D06228080D6008544F3;
			remoteInfo = "Vai Chover iOS";
		};
		309D6D27228080D8008544F3 /* PBXContainerItemProxy */ = {
			isa = PBXContainerItemProxy;
			containerPortal = 309D6CFF228080D6008544F3 /* Project object */;
			proxyType = 1;
			remoteGlobalIDString = 309D6D06228080D6008544F3;
			remoteInfo = "Vai Chover iOS";
		};
/* End PBXContainerItemProxy section */

/* Begin PBXFileReference section */
		309D6D07228080D6008544F3 /* Vai Chover iOS.app */ = {isa = PBXFileReference; explicitFileType = wrapper.application; includeInIndex = 0; path = "Vai Chover iOS.app"; sourceTree = BUILT_PRODUCTS_DIR; };
		309D6D0A228080D6008544F3 /* AppDelegate.swift */ = {isa = PBXFileReference; lastKnownFileType = sourcecode.swift; path = AppDelegate.swift; sourceTree = "<group>"; };
		309D6D0C228080D6008544F3 /* ViewController.swift */ = {isa = PBXFileReference; lastKnownFileType = sourcecode.swift; path = ViewController.swift; sourceTree = "<group>"; };
		309D6D0F228080D6008544F3 /* Base */ = {isa = PBXFileReference; lastKnownFileType = file.storyboard; name = Base; path = Base.lproj/Main.storyboard; sourceTree = "<group>"; };
		309D6D11228080D7008544F3 /* Assets.xcassets */ = {isa = PBXFileReference; lastKnownFileType = folder.assetcatalog; path = Assets.xcassets; sourceTree = "<group>"; };
		309D6D14228080D7008544F3 /* Base */ = {isa = PBXFileReference; lastKnownFileType = file.storyboard; name = Base; path = Base.lproj/LaunchScreen.storyboard; sourceTree = "<group>"; };
		309D6D16228080D7008544F3 /* Info.plist */ = {isa = PBXFileReference; lastKnownFileType = text.plist.xml; path = Info.plist; sourceTree = "<group>"; };
		309D6D1B228080D7008544F3 /* Vai Chover iOSTests.xctest */ = {isa = PBXFileReference; explicitFileType = wrapper.cfbundle; includeInIndex = 0; path = "Vai Chover iOSTests.xctest"; sourceTree = BUILT_PRODUCTS_DIR; };
		309D6D1F228080D7008544F3 /* Vai_Chover_iOSTests.swift */ = {isa = PBXFileReference; lastKnownFileType = sourcecode.swift; path = Vai_Chover_iOSTests.swift; sourceTree = "<group>"; };
		309D6D21228080D7008544F3 /* Info.plist */ = {isa = PBXFileReference; lastKnownFileType = text.plist.xml; path = Info.plist; sourceTree = "<group>"; };
		309D6D26228080D8008544F3 /* Vai Chover iOSUITests.xctest */ = {isa = PBXFileReference; explicitFileType = wrapper.cfbundle; includeInIndex = 0; path = "Vai Chover iOSUITests.xctest"; sourceTree = BUILT_PRODUCTS_DIR; };
		309D6D2A228080D8008544F3 /* Vai_Chover_iOSUITests.swift */ = {isa = PBXFileReference; lastKnownFileType = sourcecode.swift; path = Vai_Chover_iOSUITests.swift; sourceTree = "<group>"; };
		309D6D2C228080D8008544F3 /* Info.plist */ = {isa = PBXFileReference; lastKnownFileType = text.plist.xml; path = Info.plist; sourceTree = "<group>"; };
/* End PBXFileReference section */

/* Begin PBXFrameworksBuildPhase section */
		309D6D04228080D6008544F3 /* Frameworks */ = {
			isa = PBXFrameworksBuildPhase;
			buildActionMask = 2147483647;
			files = (
			);
			runOnlyForDeploymentPostprocessing = 0;
		};
		309D6D18228080D7008544F3 /* Frameworks */ = {
			isa = PBXFrameworksBuildPhase;
			buildActionMask = 2147483647;
			files = (
			);
			runOnlyForDeploymentPostprocessing = 0;
		};
		309D6D23228080D8008544F3 /* Frameworks */ = {
			isa = PBXFrameworksBuildPhase;
			buildActionMask = 2147483647;
			files = (
			);
			runOnlyForDeploymentPostprocessing = 0;
		};
/* End PBXFrameworksBuildPhase section */

/* Begin PBXGroup section */
		309D6CFE228080D6008544F3 = {
			isa = PBXGroup;
			children = (
				309D6D09228080D6008544F3 /* Vai Chover iOS */,
				309D6D1E228080D7008544F3 /* Vai Chover iOSTests */,
				309D6D29228080D8008544F3 /* Vai Chover iOSUITests */,
				309D6D08228080D6008544F3 /* Products */,
			);
			sourceTree = "<group>";
		};
		309D6D08228080D6008544F3 /* Products */ = {
			isa = PBXGroup;
			children = (
				309D6D07228080D6008544F3 /* Vai Chover iOS.app */,
				309D6D1B228080D7008544F3 /* Vai Chover iOSTests.xctest */,
				309D6D26228080D8008544F3 /* Vai Chover iOSUITests.xctest */,
			);
			name = Products;
			sourceTree = "<group>";
		};
		309D6D09228080D6008544F3 /* Vai Chover iOS */ = {
			isa = PBXGroup;
			children = (
				309D6D0A228080D6008544F3 /* AppDelegate.swift */,
				309D6D0C228080D6008544F3 /* ViewController.swift */,
				309D6D0E228080D6008544F3 /* Main.storyboard */,
				309D6D11228080D7008544F3 /* Assets.xcassets */,
				309D6D13228080D7008544F3 /* LaunchScreen.storyboard */,
				309D6D16228080D7008544F3 /* Info.plist */,
			);
			path = "Vai Chover iOS";
			sourceTree = "<group>";
		};
		309D6D1E228080D7008544F3 /* Vai Chover iOSTests */ = {
			isa = PBXGroup;
			children = (
				309D6D1F228080D7008544F3 /* Vai_Chover_iOSTests.swift */,
				309D6D21228080D7008544F3 /* Info.plist */,
			);
			path = "Vai Chover iOSTests";
			sourceTree = "<group>";
		};
		309D6D29228080D8008544F3 /* Vai Chover iOSUITests */ = {
			isa = PBXGroup;
			children = (
				309D6D2A228080D8008544F3 /* Vai_Chover_iOSUITests.swift */,
				309D6D2C228080D8008544F3 /* Info.plist */,
			);
			path = "Vai Chover iOSUITests";
			sourceTree = "<group>";
		};
/* End PBXGroup section */

/* Begin PBXNativeTarget section */
		309D6D06228080D6008544F3 /* Vai Chover iOS */ = {
			isa = PBXNativeTarget;
			buildConfigurationList = 309D6D2F228080D8008544F3 /* Build configuration list for PBXNativeTarget "Vai Chover iOS" */;
			buildPhases = (
				309D6D03228080D6008544F3 /* Sources */,
				309D6D04228080D6008544F3 /* Frameworks */,
				309D6D05228080D6008544F3 /* Resources */,
			);
			buildRules = (
			);
			dependencies = (
			);
			name = "Vai Chover iOS";
			productName = "Vai Chover iOS";
			productReference = 309D6D07228080D6008544F3 /* Vai Chover iOS.app */;
			productType = "com.apple.product-type.application";
		};
		309D6D1A228080D7008544F3 /* Vai Chover iOSTests */ = {
			isa = PBXNativeTarget;
			buildConfigurationList = 309D6D32228080D8008544F3 /* Build configuration list for PBXNativeTarget "Vai Chover iOSTests" */;
			buildPhases = (
				309D6D17228080D7008544F3 /* Sources */,
				309D6D18228080D7008544F3 /* Frameworks */,
				309D6D19228080D7008544F3 /* Resources */,
			);
			buildRules = (
			);
			dependencies = (
				309D6D1D228080D7008544F3 /* PBXTargetDependency */,
			);
			name = "Vai Chover iOSTests";
			productName = "Vai Chover iOSTests";
			productReference = 309D6D1B228080D7008544F3 /* Vai Chover iOSTests.xctest */;
			productType = "com.apple.product-type.bundle.unit-test";
		};
		309D6D25228080D8008544F3 /* Vai Chover iOSUITests */ = {
			isa = PBXNativeTarget;
			buildConfigurationList = 309D6D35228080D8008544F3 /* Build configuration list for PBXNativeTarget "Vai Chover iOSUITests" */;
			buildPhases = (
				309D6D22228080D8008544F3 /* Sources */,
				309D6D23228080D8008544F3 /* Frameworks */,
				309D6D24228080D8008544F3 /* Resources */,
			);
			buildRules = (
			);
			dependencies = (
				309D6D28228080D8008544F3 /* PBXTargetDependency */,
			);
			name = "Vai Chover iOSUITests";
			productName = "Vai Chover iOSUITests";
			productReference = 309D6D26228080D8008544F3 /* Vai Chover iOSUITests.xctest */;
			productType = "com.apple.product-type.bundle.ui-testing";
		};
/* End PBXNativeTarget section */

/* Begin PBXProject section */
		309D6CFF228080D6008544F3 /* Project object */ = {
			isa = PBXProject;
			attributes = {
				LastSwiftUpdateCheck = 1020;
				LastUpgradeCheck = 1020;
				ORGANIZATIONNAME = "Erich Diniz";
				TargetAttributes = {
					309D6D06228080D6008544F3 = {
						CreatedOnToolsVersion = 10.2.1;
					};
					309D6D1A228080D7008544F3 = {
						CreatedOnToolsVersion = 10.2.1;
						TestTargetID = 309D6D06228080D6008544F3;
					};
					309D6D25228080D8008544F3 = {
						CreatedOnToolsVersion = 10.2.1;
						TestTargetID = 309D6D06228080D6008544F3;
					};
				};
			};
			buildConfigurationList = 309D6D02228080D6008544F3 /* Build configuration list for PBXProject "Vai Chover iOS" */;
			compatibilityVersion = "Xcode 9.3";
			developmentRegion = en;
			hasScannedForEncodings = 0;
			knownRegions = (
				en,
				Base,
			);
			mainGroup = 309D6CFE228080D6008544F3;
			productRefGroup = 309D6D08228080D6008544F3 /* Products */;
			projectDirPath = "";
			projectRoot = "";
			targets = (
				309D6D06228080D6008544F3 /* Vai Chover iOS */,
				309D6D1A228080D7008544F3 /* Vai Chover iOSTests */,
				309D6D25228080D8008544F3 /* Vai Chover iOSUITests */,
			);
		};
/* End PBXProject section */

/* Begin PBXResourcesBuildPhase section */
		309D6D05228080D6008544F3 /* Resources */ = {
			isa = PBXResourcesBuildPhase;
			buildActionMask = 2147483647;
			files = (
				309D6D15228080D7008544F3 /* LaunchScreen.storyboard in Resources */,
				309D6D12228080D7008544F3 /* Assets.xcassets in Resources */,
				309D6D10228080D6008544F3 /* Main.storyboard in Resources */,
			);
			runOnlyForDeploymentPostprocessing = 0;
		};
		309D6D19228080D7008544F3 /* Resources */ = {
			isa = PBXResourcesBuildPhase;
			buildActionMask = 2147483647;
			files = (
			);
			runOnlyForDeploymentPostprocessing = 0;
		};
		309D6D24228080D8008544F3 /* Resources */ = {
			isa = PBXResourcesBuildPhase;
			buildActionMask = 2147483647;
			files = (
			);
			runOnlyForDeploymentPostprocessing = 0;
		};
/* End PBXResourcesBuildPhase section */

/* Begin PBXSourcesBuildPhase section */
		309D6D03228080D6008544F3 /* Sources */ = {
			isa = PBXSourcesBuildPhase;
			buildActionMask = 2147483647;
			files = (
				309D6D0D228080D6008544F3 /* ViewController.swift in Sources */,
				309D6D0B228080D6008544F3 /* AppDelegate.swift in Sources */,
			);
			runOnlyForDeploymentPostprocessing = 0;
		};
		309D6D17228080D7008544F3 /* Sources */ = {
			isa = PBXSourcesBuildPhase;
			buildActionMask = 2147483647;
			files = (
				309D6D20228080D7008544F3 /* Vai_Chover_iOSTests.swift in Sources */,
			);
			runOnlyForDeploymentPostprocessing = 0;
		};
		309D6D22228080D8008544F3 /* Sources */ = {
			isa = PBXSourcesBuildPhase;
			buildActionMask = 2147483647;
			files = (
				309D6D2B228080D8008544F3 /* Vai_Chover_iOSUITests.swift in Sources */,
			);
			runOnlyForDeploymentPostprocessing = 0;
		};
/* End PBXSourcesBuildPhase section */

/* Begin PBXTargetDependency section */
		309D6D1D228080D7008544F3 /* PBXTargetDependency */ = {
			isa = PBXTargetDependency;
			target = 309D6D06228080D6008544F3 /* Vai Chover iOS */;
			targetProxy = 309D6D1C228080D7008544F3 /* PBXContainerItemProxy */;
		};
		309D6D28228080D8008544F3 /* PBXTargetDependency */ = {
			isa = PBXTargetDependency;
			target = 309D6D06228080D6008544F3 /* Vai Chover iOS */;
			targetProxy = 309D6D27228080D8008544F3 /* PBXContainerItemProxy */;
		};
/* End PBXTargetDependency section */

/* Begin PBXVariantGroup section */
		309D6D0E228080D6008544F3 /* Main.storyboard */ = {
			isa = PBXVariantGroup;
			children = (
				309D6D0F228080D6008544F3 /* Base */,
			);
			name = Main.storyboard;
			sourceTree = "<group>";
		};
		309D6D13228080D7008544F3 /* LaunchScreen.storyboard */ = {
			isa = PBXVariantGroup;
			children = (
				309D6D14228080D7008544F3 /* Base */,
			);
			name = LaunchScreen.storyboard;
			sourceTree = "<group>";
		};
/* End PBXVariantGroup section */

/* Begin XCBuildConfiguration section */
		309D6D2D228080D8008544F3 /* Debug */ = {
			isa = XCBuildConfiguration;
			buildSettings = {
				ALWAYS_SEARCH_USER_PATHS = NO;
				CLANG_ANALYZER_NONNULL = YES;
				CLANG_ANALYZER_NUMBER_OBJECT_CONVERSION = YES_AGGRESSIVE;
				CLANG_CXX_LANGUAGE_STANDARD = "gnu++14";
				CLANG_CXX_LIBRARY = "libc++";
				CLANG_ENABLE_MODULES = YES;
				CLANG_ENABLE_OBJC_ARC = YES;
				CLANG_ENABLE_OBJC_WEAK = YES;
				CLANG_WARN_BLOCK_CAPTURE_AUTORELEASING = YES;
				CLANG_WARN_BOOL_CONVERSION = YES;
				CLANG_WARN_COMMA = YES;
				CLANG_WARN_CONSTANT_CONVERSION = YES;
				CLANG_WARN_DEPRECATED_OBJC_IMPLEMENTATIONS = YES;
				CLANG_WARN_DIRECT_OBJC_ISA_USAGE = YES_ERROR;
				CLANG_WARN_DOCUMENTATION_COMMENTS = YES;
				CLANG_WARN_EMPTY_BODY = YES;
				CLANG_WARN_ENUM_CONVERSION = YES;
				CLANG_WARN_INFINITE_RECURSION = YES;
				CLANG_WARN_INT_CONVERSION = YES;
				CLANG_WARN_NON_LITERAL_NULL_CONVERSION = YES;
				CLANG_WARN_OBJC_IMPLICIT_RETAIN_SELF = YES;
				CLANG_WARN_OBJC_LITERAL_CONVERSION = YES;
				CLANG_WARN_OBJC_ROOT_CLASS = YES_ERROR;
				CLANG_WARN_RANGE_LOOP_ANALYSIS = YES;
				CLANG_WARN_STRICT_PROTOTYPES = YES;
				CLANG_WARN_SUSPICIOUS_MOVE = YES;
				CLANG_WARN_UNGUARDED_AVAILABILITY = YES_AGGRESSIVE;
				CLANG_WARN_UNREACHABLE_CODE = YES;
				CLANG_WARN__DUPLICATE_METHOD_MATCH = YES;
				CODE_SIGN_IDENTITY = "iPhone Developer";
				COPY_PHASE_STRIP = NO;
				DEBUG_INFORMATION_FORMAT = dwarf;
				ENABLE_STRICT_OBJC_MSGSEND = YES;
				ENABLE_TESTABILITY = YES;
				GCC_C_LANGUAGE_STANDARD = gnu11;
				GCC_DYNAMIC_NO_PIC = NO;
				GCC_NO_COMMON_BLOCKS = YES;
				GCC_OPTIMIZATION_LEVEL = 0;
				GCC_PREPROCESSOR_DEFINITIONS = (
					"DEBUG=1",
					"$(inherited)",
				);
				GCC_WARN_64_TO_32_BIT_CONVERSION = YES;
				GCC_WARN_ABOUT_RETURN_TYPE = YES_ERROR;
				GCC_WARN_UNDECLARED_SELECTOR = YES;
				GCC_WARN_UNINITIALIZED_AUTOS = YES_AGGRESSIVE;
				GCC_WARN_UNUSED_FUNCTION = YES;
				GCC_WARN_UNUSED_VARIABLE = YES;
				IPHONEOS_DEPLOYMENT_TARGET = 12.2;
				MTL_ENABLE_DEBUG_INFO = INCLUDE_SOURCE;
				MTL_FAST_MATH = YES;
				ONLY_ACTIVE_ARCH = YES;
				SDKROOT = iphoneos;
				SWIFT_ACTIVE_COMPILATION_CONDITIONS = DEBUG;
				SWIFT_OPTIMIZATION_LEVEL = "-Onone";
			};
			name = Debug;
		};
		309D6D2E228080D8008544F3 /* Release */ = {
			isa = XCBuildConfiguration;
			buildSettings = {
				ALWAYS_SEARCH_USER_PATHS = NO;
				CLANG_ANALYZER_NONNULL = YES;
				CLANG_ANALYZER_NUMBER_OBJECT_CONVERSION = YES_AGGRESSIVE;
				CLANG_CXX_LANGUAGE_STANDARD = "gnu++14";
				CLANG_CXX_LIBRARY = "libc++";
				CLANG_ENABLE_MODULES = YES;
				CLANG_ENABLE_OBJC_ARC = YES;
				CLANG_ENABLE_OBJC_WEAK = YES;
				CLANG_WARN_BLOCK_CAPTURE_AUTORELEASING = YES;
				CLANG_WARN_BOOL_CONVERSION = YES;
				CLANG_WARN_COMMA = YES;
				CLANG_WARN_CONSTANT_CONVERSION = YES;
				CLANG_WARN_DEPRECATED_OBJC_IMPLEMENTATIONS = YES;
				CLANG_WARN_DIRECT_OBJC_ISA_USAGE = YES_ERROR;
				CLANG_WARN_DOCUMENTATION_COMMENTS = YES;
				CLANG_WARN_EMPTY_BODY = YES;
				CLANG_WARN_ENUM_CONVERSION = YES;
				CLANG_WARN_INFINITE_RECURSION = YES;
				CLANG_WARN_INT_CONVERSION = YES;
				CLANG_WARN_NON_LITERAL_NULL_CONVERSION = YES;
				CLANG_WARN_OBJC_IMPLICIT_RETAIN_SELF = YES;
				CLANG_WARN_OBJC_LITERAL_CONVERSION = YES;
				CLANG_WARN_OBJC_ROOT_CLASS = YES_ERROR;
				CLANG_WARN_RANGE_LOOP_ANALYSIS = YES;
				CLANG_WARN_STRICT_PROTOTYPES = YES;
				CLANG_WARN_SUSPICIOUS_MOVE = YES;
				CLANG_WARN_UNGUARDED_AVAILABILITY = YES_AGGRESSIVE;
				CLANG_WARN_UNREACHABLE_CODE = YES;
				CLANG_WARN__DUPLICATE_METHOD_MATCH = YES;
				CODE_SIGN_IDENTITY = "iPhone Developer";
				COPY_PHASE_STRIP = NO;
				DEBUG_INFORMATION_FORMAT = "dwarf-with-dsym";
				ENABLE_NS_ASSERTIONS = NO;
				ENABLE_STRICT_OBJC_MSGSEND = YES;
				GCC_C_LANGUAGE_STANDARD = gnu11;
				GCC_NO_COMMON_BLOCKS = YES;
				GCC_WARN_64_TO_32_BIT_CONVERSION = YES;
				GCC_WARN_ABOUT_RETURN_TYPE = YES_ERROR;
				GCC_WARN_UNDECLARED_SELECTOR = YES;
				GCC_WARN_UNINITIALIZED_AUTOS = YES_AGGRESSIVE;
				GCC_WARN_UNUSED_FUNCTION = YES;
				GCC_WARN_UNUSED_VARIABLE = YES;
				IPHONEOS_DEPLOYMENT_TARGET = 12.2;
				MTL_ENABLE_DEBUG_INFO = NO;
				MTL_FAST_MATH = YES;
				SDKROOT = iphoneos;
				SWIFT_COMPILATION_MODE = wholemodule;
				SWIFT_OPTIMIZATION_LEVEL = "-O";
				VALIDATE_PRODUCT = YES;
			};
			name = Release;
		};
		309D6D30228080D8008544F3 /* Debug */ = {
			isa = XCBuildConfiguration;
			buildSettings = {
				ASSETCATALOG_COMPILER_APPICON_NAME = AppIcon;
				CODE_SIGN_STYLE = Automatic;
				DEVELOPMENT_TEAM = D562KTB7QA;
				INFOPLIST_FILE = "Vai Chover iOS/Info.plist";
				LD_RUNPATH_SEARCH_PATHS = (
					"$(inherited)",
					"@executable_path/Frameworks",
				);
				PRODUCT_BUNDLE_IDENTIFIER = "Uxcelence.Vai-Chover-iOS";
				PRODUCT_NAME = "$(TARGET_NAME)";
				SWIFT_VERSION = 5.0;
				TARGETED_DEVICE_FAMILY = "1,2";
			};
			name = Debug;
		};
		309D6D31228080D8008544F3 /* Release */ = {
			isa = XCBuildConfiguration;
			buildSettings = {
				ASSETCATALOG_COMPILER_APPICON_NAME = AppIcon;
				CODE_SIGN_STYLE = Automatic;
				DEVELOPMENT_TEAM = D562KTB7QA;
				INFOPLIST_FILE = "Vai Chover iOS/Info.plist";
				LD_RUNPATH_SEARCH_PATHS = (
					"$(inherited)",
					"@executable_path/Frameworks",
				);
				PRODUCT_BUNDLE_IDENTIFIER = "Uxcelence.Vai-Chover-iOS";
				PRODUCT_NAME = "$(TARGET_NAME)";
				SWIFT_VERSION = 5.0;
				TARGETED_DEVICE_FAMILY = "1,2";
			};
			name = Release;
		};
		309D6D33228080D8008544F3 /* Debug */ = {
			isa = XCBuildConfiguration;
			buildSettings = {
				ALWAYS_EMBED_SWIFT_STANDARD_LIBRARIES = YES;
				BUNDLE_LOADER = "$(TEST_HOST)";
				CODE_SIGN_STYLE = Automatic;
				DEVELOPMENT_TEAM = D562KTB7QA;
				INFOPLIST_FILE = "Vai Chover iOSTests/Info.plist";
				LD_RUNPATH_SEARCH_PATHS = (
					"$(inherited)",
					"@executable_path/Frameworks",
					"@loader_path/Frameworks",
				);
				PRODUCT_BUNDLE_IDENTIFIER = "Uxcelence.Vai-Chover-iOSTests";
				PRODUCT_NAME = "$(TARGET_NAME)";
				SWIFT_VERSION = 5.0;
				TARGETED_DEVICE_FAMILY = "1,2";
				TEST_HOST = "$(BUILT_PRODUCTS_DIR)/Vai Chover iOS.app/Vai Chover iOS";
			};
			name = Debug;
		};
		309D6D34228080D8008544F3 /* Release */ = {
			isa = XCBuildConfiguration;
			buildSettings = {
				ALWAYS_EMBED_SWIFT_STANDARD_LIBRARIES = YES;
				BUNDLE_LOADER = "$(TEST_HOST)";
				CODE_SIGN_STYLE = Automatic;
				DEVELOPMENT_TEAM = D562KTB7QA;
				INFOPLIST_FILE = "Vai Chover iOSTests/Info.plist";
				LD_RUNPATH_SEARCH_PATHS = (
					"$(inherited)",
					"@executable_path/Frameworks",
					"@loader_path/Frameworks",
				);
				PRODUCT_BUNDLE_IDENTIFIER = "Uxcelence.Vai-Chover-iOSTests";
				PRODUCT_NAME = "$(TARGET_NAME)";
				SWIFT_VERSION = 5.0;
				TARGETED_DEVICE_FAMILY = "1,2";
				TEST_HOST = "$(BUILT_PRODUCTS_DIR)/Vai Chover iOS.app/Vai Chover iOS";
			};
			name = Release;
		};
		309D6D36228080D8008544F3 /* Debug */ = {
			isa = XCBuildConfiguration;
			buildSettings = {
				ALWAYS_EMBED_SWIFT_STANDARD_LIBRARIES = YES;
				CODE_SIGN_STYLE = Automatic;
				DEVELOPMENT_TEAM = D562KTB7QA;
				INFOPLIST_FILE = "Vai Chover iOSUITests/Info.plist";
				LD_RUNPATH_SEARCH_PATHS = (
					"$(inherited)",
					"@executable_path/Frameworks",
					"@loader_path/Frameworks",
				);
				PRODUCT_BUNDLE_IDENTIFIER = "Uxcelence.Vai-Chover-iOSUITests";
				PRODUCT_NAME = "$(TARGET_NAME)";
				SWIFT_VERSION = 5.0;
				TARGETED_DEVICE_FAMILY = "1,2";
				TEST_TARGET_NAME = "Vai Chover iOS";
			};
			name = Debug;
		};
		309D6D37228080D8008544F3 /* Release */ = {
			isa = XCBuildConfiguration;
			buildSettings = {
				ALWAYS_EMBED_SWIFT_STANDARD_LIBRARIES = YES;
				CODE_SIGN_STYLE = Automatic;
				DEVELOPMENT_TEAM = D562KTB7QA;
				INFOPLIST_FILE = "Vai Chover iOSUITests/Info.plist";
				LD_RUNPATH_SEARCH_PATHS = (
					"$(inherited)",
					"@executable_path/Frameworks",
					"@loader_path/Frameworks",
				);
				PRODUCT_BUNDLE_IDENTIFIER = "Uxcelence.Vai-Chover-iOSUITests";
				PRODUCT_NAME = "$(TARGET_NAME)";
				SWIFT_VERSION = 5.0;
				TARGETED_DEVICE_FAMILY = "1,2";
				TEST_TARGET_NAME = "Vai Chover iOS";
			};
			name = Release;
		};
/* End XCBuildConfiguration section */

/* Begin XCConfigurationList section */
		309D6D02228080D6008544F3 /* Build configuration list for PBXProject "Vai Chover iOS" */ = {
			isa = XCConfigurationList;
			buildConfigurations = (
				309D6D2D228080D8008544F3 /* Debug */,
				309D6D2E228080D8008544F3 /* Release */,
			);
			defaultConfigurationIsVisible = 0;
			defaultConfigurationName = Release;
		};
		309D6D2F228080D8008544F3 /* Build configuration list for PBXNativeTarget "Vai Chover iOS" */ = {
			isa = XCConfigurationList;
			buildConfigurations = (
				309D6D30228080D8008544F3 /* Debug */,
				309D6D31228080D8008544F3 /* Release */,
			);
			defaultConfigurationIsVisible = 0;
			defaultConfigurationName = Release;
		};
		309D6D32228080D8008544F3 /* Build configuration list for PBXNativeTarget "Vai Chover iOSTests" */ = {
			isa = XCConfigurationList;
			buildConfigurations = (
				309D6D33228080D8008544F3 /* Debug */,
				309D6D34228080D8008544F3 /* Release */,
			);
			defaultConfigurationIsVisible = 0;
			defaultConfigurationName = Release;
		};
		309D6D35228080D8008544F3 /* Build configuration list for PBXNativeTarget "Vai Chover iOSUITests" */ = {
			isa = XCConfigurationList;
			buildConfigurations = (
				309D6D36228080D8008544F3 /* Debug */,
				309D6D37228080D8008544F3 /* Release */,
			);
			defaultConfigurationIsVisible = 0;
			defaultConfigurationName = Release;
		};
/* End XCConfigurationList section */
	};
	rootObject = 309D6CFF228080D6008544F3 /* Project object */;
}
